// !$*UTF8*$!
{
	archiveVersion = 1;
	classes = {
	};
	objectVersion = 48;
	objects = {

/* Begin PBXBuildFile section */
		7F1A9DD22064E037003538B0 /* HomePageHeaderView.m in Sources */ = {isa = PBXBuildFile; fileRef = 7F1A9DD12064E037003538B0 /* HomePageHeaderView.m */; };
		7F2917A1206B677A00F58899 /* NSMutableArray+ZyRuntime.m in Sources */ = {isa = PBXBuildFile; fileRef = 7F2917A0206B677A00F58899 /* NSMutableArray+ZyRuntime.m */; };
		7F2917A4206B67D100F58899 /* NSArray+ZyRuntime.m in Sources */ = {isa = PBXBuildFile; fileRef = 7F2917A3206B67D100F58899 /* NSArray+ZyRuntime.m */; };
		7F2917A7206B701800F58899 /* NSURL+ZyRuntime.m in Sources */ = {isa = PBXBuildFile; fileRef = 7F2917A6206B701800F58899 /* NSURL+ZyRuntime.m */; };
		7F2917AA206B76B500F58899 /* ZyRuntime.m in Sources */ = {isa = PBXBuildFile; fileRef = 7F2917A9206B76B500F58899 /* ZyRuntime.m */; };
		7F2917AD206B8A4000F58899 /* NSMutableDictionary+ZyRuntime.m in Sources */ = {isa = PBXBuildFile; fileRef = 7F2917AC206B8A4000F58899 /* NSMutableDictionary+ZyRuntime.m */; };
		7F2917B3206B947500F58899 /* ZyRuntimeViewController.m in Sources */ = {isa = PBXBuildFile; fileRef = 7F2917B2206B947500F58899 /* ZyRuntimeViewController.m */; };
		7F326415205A187D00E7EA15 /* UIImage+ZyCategory.m in Sources */ = {isa = PBXBuildFile; fileRef = 7F326414205A187D00E7EA15 /* UIImage+ZyCategory.m */; };
		7F4063FA205BB74700567FF9 /* AllFunctionViewController.m in Sources */ = {isa = PBXBuildFile; fileRef = 7F4063F9205BB74700567FF9 /* AllFunctionViewController.m */; };
		7F4063FD205BBDB100567FF9 /* ZyScratchcardsView.m in Sources */ = {isa = PBXBuildFile; fileRef = 7F4063FC205BBDB100567FF9 /* ZyScratchcardsView.m */; };
		7F5C5B092056056800774ED9 /* NSMutableArray+ZyCategory.m in Sources */ = {isa = PBXBuildFile; fileRef = 7F5C5B082056056800774ED9 /* NSMutableArray+ZyCategory.m */; };
		7F5C5B0C205609C600774ED9 /* NSString+ZyCategory.m in Sources */ = {isa = PBXBuildFile; fileRef = 7F5C5B0B205609C600774ED9 /* NSString+ZyCategory.m */; };
		7F5C5B0F205629EC00774ED9 /* ZyBaseCollectionViewCell.m in Sources */ = {isa = PBXBuildFile; fileRef = 7F5C5B0E205629EC00774ED9 /* ZyBaseCollectionViewCell.m */; };
		7F5C5B1220562A5800774ED9 /* ZyBaseCollectionReusableView.m in Sources */ = {isa = PBXBuildFile; fileRef = 7F5C5B1120562A5800774ED9 /* ZyBaseCollectionReusableView.m */; };
		7F8CEA14206267D60095975A /* ZyScrollView.m in Sources */ = {isa = PBXBuildFile; fileRef = 7F8CEA13206267D60095975A /* ZyScrollView.m */; };
		7F9BBCC12058FE620044C0B8 /* NSUserDefaults+ZyCategory.m in Sources */ = {isa = PBXBuildFile; fileRef = 7F9BBCC02058FE620044C0B8 /* NSUserDefaults+ZyCategory.m */; };
		7F9BBCC4205901380044C0B8 /* DefaultViewController.m in Sources */ = {isa = PBXBuildFile; fileRef = 7F9BBCC3205901380044C0B8 /* DefaultViewController.m */; };
		7F9BBCC7205921AB0044C0B8 /* NSDate+ZyCategory.m in Sources */ = {isa = PBXBuildFile; fileRef = 7F9BBCC6205921AB0044C0B8 /* NSDate+ZyCategory.m */; };
		7FC8EC3B205206450053B09B /* Assets.xcassets in Resources */ = {isa = PBXBuildFile; fileRef = 7FC8EC3A205206450053B09B /* Assets.xcassets */; };
		7FC8EC3E205206450053B09B /* LaunchScreen.storyboard in Resources */ = {isa = PBXBuildFile; fileRef = 7FC8EC3C205206450053B09B /* LaunchScreen.storyboard */; };
		7FC8EC41205206450053B09B /* main.m in Sources */ = {isa = PBXBuildFile; fileRef = 7FC8EC40205206450053B09B /* main.m */; };
		7FC8EC4A205209A10053B09B /* AppDelegate.m in Sources */ = {isa = PBXBuildFile; fileRef = 7FC8EC48205209A10053B09B /* AppDelegate.m */; };
		7FC8EC4D205209AD0053B09B /* ZyBaseAppDelegate.m in Sources */ = {isa = PBXBuildFile; fileRef = 7FC8EC4C205209AC0053B09B /* ZyBaseAppDelegate.m */; };
		7FC8EC5B205232550053B09B /* LGUIView.m in Sources */ = {isa = PBXBuildFile; fileRef = 7FC8EC5A205232550053B09B /* LGUIView.m */; };
		7FC8EC5F205234BB0053B09B /* ZyBaseTableVIew.m in Sources */ = {isa = PBXBuildFile; fileRef = 7FC8EC5E205234BB0053B09B /* ZyBaseTableVIew.m */; };
		7FC8EC62205237F20053B09B /* ZyBaseTableViewCell.m in Sources */ = {isa = PBXBuildFile; fileRef = 7FC8EC61205237F20053B09B /* ZyBaseTableViewCell.m */; };
		7FC8EC652052391A0053B09B /* ZyBaseWebView.m in Sources */ = {isa = PBXBuildFile; fileRef = 7FC8EC642052391A0053B09B /* ZyBaseWebView.m */; };
		7FC8EC6920523ADF0053B09B /* ZyBaseViewController.m in Sources */ = {isa = PBXBuildFile; fileRef = 7FC8EC6720523ADF0053B09B /* ZyBaseViewController.m */; };
		7FC8EC6D205257F00053B09B /* ZyNetwork.m in Sources */ = {isa = PBXBuildFile; fileRef = 7FC8EC6C205257F00053B09B /* ZyNetwork.m */; };
		7FC8EC71205258EC0053B09B /* ZyBaseModel.m in Sources */ = {isa = PBXBuildFile; fileRef = 7FC8EC70205258EC0053B09B /* ZyBaseModel.m */; };
		7FC8EC74205259260053B09B /* ZyErrorModel.m in Sources */ = {isa = PBXBuildFile; fileRef = 7FC8EC73205259260053B09B /* ZyErrorModel.m */; };
		7FC8EC7720525A580053B09B /* ZyUtils.m in Sources */ = {isa = PBXBuildFile; fileRef = 7FC8EC7620525A580053B09B /* ZyUtils.m */; };
		7FC8EC7A205261E00053B09B /* ZyApi.m in Sources */ = {isa = PBXBuildFile; fileRef = 7FC8EC79205261E00053B09B /* ZyApi.m */; };
		7FC8EC7D2052626C0053B09B /* ZyItemsModel.m in Sources */ = {isa = PBXBuildFile; fileRef = 7FC8EC7C2052626C0053B09B /* ZyItemsModel.m */; };
		7FC8EC802052661D0053B09B /* ZyConstant.m in Sources */ = {isa = PBXBuildFile; fileRef = 7FC8EC7F2052661D0053B09B /* ZyConstant.m */; };
		7FC8EC832052674A0053B09B /* ZyRouter.m in Sources */ = {isa = PBXBuildFile; fileRef = 7FC8EC822052674A0053B09B /* ZyRouter.m */; };
		7FC8EC9420526F350053B09B /* libUMessage_Sdk_1.5.0a.a in Frameworks */ = {isa = PBXBuildFile; fileRef = 7FC8EC9220526F350053B09B /* libUMessage_Sdk_1.5.0a.a */; };
		7FC8ECB0205270C40053B09B /* ClassifyViewController.m in Sources */ = {isa = PBXBuildFile; fileRef = 7FC8ECAE205270C30053B09B /* ClassifyViewController.m */; };
		7FC8ECB3205270DB0053B09B /* HomePageViewController.m in Sources */ = {isa = PBXBuildFile; fileRef = 7FC8ECB2205270DA0053B09B /* HomePageViewController.m */; };
		7FC8ECB6205270E10053B09B /* MineViewController.m in Sources */ = {isa = PBXBuildFile; fileRef = 7FC8ECB5205270E10053B09B /* MineViewController.m */; };
		7FC8ECB9205271400053B09B /* SignInViewController.m in Sources */ = {isa = PBXBuildFile; fileRef = 7FC8ECB8205271400053B09B /* SignInViewController.m */; };
		7FC8ECBC2052796B0053B09B /* ZyBaseCollectionView.m in Sources */ = {isa = PBXBuildFile; fileRef = 7FC8ECBB2052796B0053B09B /* ZyBaseCollectionView.m */; };
		7FC8ECBF205279AB0053B09B /* HomePageView.m in Sources */ = {isa = PBXBuildFile; fileRef = 7FC8ECBE205279AB0053B09B /* HomePageView.m */; };
		7FC8ECC320527FAC0053B09B /* UIColor+ZyCategory.m in Sources */ = {isa = PBXBuildFile; fileRef = 7FC8ECC220527FAC0053B09B /* UIColor+ZyCategory.m */; };
		87ECEE1D7880552DE66B6F32 /* libPods-zylOC.a in Frameworks */ = {isa = PBXBuildFile; fileRef = D1139E569388C516FB639078 /* libPods-zylOC.a */; };
		CB02A5C4208087B8005199A2 /* UIButton+ZyCategory.m in Sources */ = {isa = PBXBuildFile; fileRef = CB02A5C3208087B8005199A2 /* UIButton+ZyCategory.m */; };
		CB8F7B2C20805CB900993DE7 /* ZyTabBarController.m in Sources */ = {isa = PBXBuildFile; fileRef = CB8F7B2B20805CB900993DE7 /* ZyTabBarController.m */; };
		F38033712085848000444552 /* UITextField+ZyCategory.m in Sources */ = {isa = PBXBuildFile; fileRef = F38033702085848000444552 /* UITextField+ZyCategory.m */; };
		F38033742085863C00444552 /* UILabel+Zy_Category.m in Sources */ = {isa = PBXBuildFile; fileRef = F38033732085863C00444552 /* UILabel+Zy_Category.m */; };
		F3803377208587E800444552 /* UIImageView+ZyCategory.m in Sources */ = {isa = PBXBuildFile; fileRef = F3803376208587E800444552 /* UIImageView+ZyCategory.m */; };
		F380337A2085C12B00444552 /* UIView+ZyCategory.m in Sources */ = {isa = PBXBuildFile; fileRef = F38033792085C12B00444552 /* UIView+ZyCategory.m */; };
		F380337D2085C36100444552 /* ZyUI.m in Sources */ = {isa = PBXBuildFile; fileRef = F380337C2085C36100444552 /* ZyUI.m */; };
		F38033802085C99400444552 /* UIViewController+ZyCategory.m in Sources */ = {isa = PBXBuildFile; fileRef = F380337F2085C99400444552 /* UIViewController+ZyCategory.m */; };
/* End PBXBuildFile section */

/* Begin PBXFileReference section */
		210CB9D80EDAAF4915ECC474 /* Pods-zylOC.debug.xcconfig */ = {isa = PBXFileReference; includeInIndex = 1; lastKnownFileType = text.xcconfig; name = "Pods-zylOC.debug.xcconfig"; path = "Pods/Target Support Files/Pods-zylOC/Pods-zylOC.debug.xcconfig"; sourceTree = "<group>"; };
		7F1A9DD02064E037003538B0 /* HomePageHeaderView.h */ = {isa = PBXFileReference; lastKnownFileType = sourcecode.c.h; path = HomePageHeaderView.h; sourceTree = "<group>"; };
		7F1A9DD12064E037003538B0 /* HomePageHeaderView.m */ = {isa = PBXFileReference; lastKnownFileType = sourcecode.c.objc; path = HomePageHeaderView.m; sourceTree = "<group>"; };
		7F29179F206B677A00F58899 /* NSMutableArray+ZyRuntime.h */ = {isa = PBXFileReference; fileEncoding = 4; lastKnownFileType = sourcecode.c.h; path = "NSMutableArray+ZyRuntime.h"; sourceTree = "<group>"; };
		7F2917A0206B677A00F58899 /* NSMutableArray+ZyRuntime.m */ = {isa = PBXFileReference; fileEncoding = 4; lastKnownFileType = sourcecode.c.objc; path = "NSMutableArray+ZyRuntime.m"; sourceTree = "<group>"; };
		7F2917A2206B67D100F58899 /* NSArray+ZyRuntime.h */ = {isa = PBXFileReference; lastKnownFileType = sourcecode.c.h; path = "NSArray+ZyRuntime.h"; sourceTree = "<group>"; };
		7F2917A3206B67D100F58899 /* NSArray+ZyRuntime.m */ = {isa = PBXFileReference; lastKnownFileType = sourcecode.c.objc; path = "NSArray+ZyRuntime.m"; sourceTree = "<group>"; };
		7F2917A5206B701800F58899 /* NSURL+ZyRuntime.h */ = {isa = PBXFileReference; lastKnownFileType = sourcecode.c.h; path = "NSURL+ZyRuntime.h"; sourceTree = "<group>"; };
		7F2917A6206B701800F58899 /* NSURL+ZyRuntime.m */ = {isa = PBXFileReference; lastKnownFileType = sourcecode.c.objc; path = "NSURL+ZyRuntime.m"; sourceTree = "<group>"; };
		7F2917A8206B76B500F58899 /* ZyRuntime.h */ = {isa = PBXFileReference; lastKnownFileType = sourcecode.c.h; path = ZyRuntime.h; sourceTree = "<group>"; };
		7F2917A9206B76B500F58899 /* ZyRuntime.m */ = {isa = PBXFileReference; lastKnownFileType = sourcecode.c.objc; path = ZyRuntime.m; sourceTree = "<group>"; };
		7F2917AB206B8A4000F58899 /* NSMutableDictionary+ZyRuntime.h */ = {isa = PBXFileReference; lastKnownFileType = sourcecode.c.h; path = "NSMutableDictionary+ZyRuntime.h"; sourceTree = "<group>"; };
		7F2917AC206B8A4000F58899 /* NSMutableDictionary+ZyRuntime.m */ = {isa = PBXFileReference; lastKnownFileType = sourcecode.c.objc; path = "NSMutableDictionary+ZyRuntime.m"; sourceTree = "<group>"; };
		7F2917B1206B947500F58899 /* ZyRuntimeViewController.h */ = {isa = PBXFileReference; lastKnownFileType = sourcecode.c.h; path = ZyRuntimeViewController.h; sourceTree = "<group>"; };
		7F2917B2206B947500F58899 /* ZyRuntimeViewController.m */ = {isa = PBXFileReference; lastKnownFileType = sourcecode.c.objc; path = ZyRuntimeViewController.m; sourceTree = "<group>"; };
		7F326413205A187D00E7EA15 /* UIImage+ZyCategory.h */ = {isa = PBXFileReference; lastKnownFileType = sourcecode.c.h; path = "UIImage+ZyCategory.h"; sourceTree = "<group>"; };
		7F326414205A187D00E7EA15 /* UIImage+ZyCategory.m */ = {isa = PBXFileReference; lastKnownFileType = sourcecode.c.objc; path = "UIImage+ZyCategory.m"; sourceTree = "<group>"; };
		7F4063F8205BB74700567FF9 /* AllFunctionViewController.h */ = {isa = PBXFileReference; lastKnownFileType = sourcecode.c.h; path = AllFunctionViewController.h; sourceTree = "<group>"; };
		7F4063F9205BB74700567FF9 /* AllFunctionViewController.m */ = {isa = PBXFileReference; lastKnownFileType = sourcecode.c.objc; path = AllFunctionViewController.m; sourceTree = "<group>"; };
		7F4063FB205BBDB100567FF9 /* ZyScratchcardsView.h */ = {isa = PBXFileReference; lastKnownFileType = sourcecode.c.h; path = ZyScratchcardsView.h; sourceTree = "<group>"; };
		7F4063FC205BBDB100567FF9 /* ZyScratchcardsView.m */ = {isa = PBXFileReference; lastKnownFileType = sourcecode.c.objc; path = ZyScratchcardsView.m; sourceTree = "<group>"; };
		7F5C5B072056056800774ED9 /* NSMutableArray+ZyCategory.h */ = {isa = PBXFileReference; lastKnownFileType = sourcecode.c.h; path = "NSMutableArray+ZyCategory.h"; sourceTree = "<group>"; };
		7F5C5B082056056800774ED9 /* NSMutableArray+ZyCategory.m */ = {isa = PBXFileReference; lastKnownFileType = sourcecode.c.objc; path = "NSMutableArray+ZyCategory.m"; sourceTree = "<group>"; };
		7F5C5B0A205609C600774ED9 /* NSString+ZyCategory.h */ = {isa = PBXFileReference; lastKnownFileType = sourcecode.c.h; path = "NSString+ZyCategory.h"; sourceTree = "<group>"; };
		7F5C5B0B205609C600774ED9 /* NSString+ZyCategory.m */ = {isa = PBXFileReference; lastKnownFileType = sourcecode.c.objc; path = "NSString+ZyCategory.m"; sourceTree = "<group>"; };
		7F5C5B0D205629EC00774ED9 /* ZyBaseCollectionViewCell.h */ = {isa = PBXFileReference; lastKnownFileType = sourcecode.c.h; path = ZyBaseCollectionViewCell.h; sourceTree = "<group>"; };
		7F5C5B0E205629EC00774ED9 /* ZyBaseCollectionViewCell.m */ = {isa = PBXFileReference; lastKnownFileType = sourcecode.c.objc; path = ZyBaseCollectionViewCell.m; sourceTree = "<group>"; };
		7F5C5B1020562A5800774ED9 /* ZyBaseCollectionReusableView.h */ = {isa = PBXFileReference; lastKnownFileType = sourcecode.c.h; path = ZyBaseCollectionReusableView.h; sourceTree = "<group>"; };
		7F5C5B1120562A5800774ED9 /* ZyBaseCollectionReusableView.m */ = {isa = PBXFileReference; lastKnownFileType = sourcecode.c.objc; path = ZyBaseCollectionReusableView.m; sourceTree = "<group>"; };
		7F8CEA12206267D60095975A /* ZyScrollView.h */ = {isa = PBXFileReference; lastKnownFileType = sourcecode.c.h; path = ZyScrollView.h; sourceTree = "<group>"; };
		7F8CEA13206267D60095975A /* ZyScrollView.m */ = {isa = PBXFileReference; lastKnownFileType = sourcecode.c.objc; path = ZyScrollView.m; sourceTree = "<group>"; };
		7F9BBCBF2058FE620044C0B8 /* NSUserDefaults+ZyCategory.h */ = {isa = PBXFileReference; lastKnownFileType = sourcecode.c.h; path = "NSUserDefaults+ZyCategory.h"; sourceTree = "<group>"; };
		7F9BBCC02058FE620044C0B8 /* NSUserDefaults+ZyCategory.m */ = {isa = PBXFileReference; lastKnownFileType = sourcecode.c.objc; path = "NSUserDefaults+ZyCategory.m"; sourceTree = "<group>"; };
		7F9BBCC2205901380044C0B8 /* DefaultViewController.h */ = {isa = PBXFileReference; lastKnownFileType = sourcecode.c.h; path = DefaultViewController.h; sourceTree = "<group>"; };
		7F9BBCC3205901380044C0B8 /* DefaultViewController.m */ = {isa = PBXFileReference; lastKnownFileType = sourcecode.c.objc; path = DefaultViewController.m; sourceTree = "<group>"; };
		7F9BBCC5205921AB0044C0B8 /* NSDate+ZyCategory.h */ = {isa = PBXFileReference; lastKnownFileType = sourcecode.c.h; path = "NSDate+ZyCategory.h"; sourceTree = "<group>"; };
		7F9BBCC6205921AB0044C0B8 /* NSDate+ZyCategory.m */ = {isa = PBXFileReference; lastKnownFileType = sourcecode.c.objc; path = "NSDate+ZyCategory.m"; sourceTree = "<group>"; };
		7FC8EC2E205206440053B09B /* zylOC.app */ = {isa = PBXFileReference; explicitFileType = wrapper.application; includeInIndex = 0; path = zylOC.app; sourceTree = BUILT_PRODUCTS_DIR; };
		7FC8EC3A205206450053B09B /* Assets.xcassets */ = {isa = PBXFileReference; lastKnownFileType = folder.assetcatalog; path = Assets.xcassets; sourceTree = "<group>"; };
		7FC8EC3D205206450053B09B /* Base */ = {isa = PBXFileReference; lastKnownFileType = file.storyboard; name = Base; path = Base.lproj/LaunchScreen.storyboard; sourceTree = "<group>"; };
		7FC8EC3F205206450053B09B /* Info.plist */ = {isa = PBXFileReference; lastKnownFileType = text.plist.xml; path = Info.plist; sourceTree = "<group>"; };
		7FC8EC40205206450053B09B /* main.m */ = {isa = PBXFileReference; lastKnownFileType = sourcecode.c.objc; path = main.m; sourceTree = "<group>"; };
		7FC8EC48205209A10053B09B /* AppDelegate.m */ = {isa = PBXFileReference; fileEncoding = 4; lastKnownFileType = sourcecode.c.objc; path = AppDelegate.m; sourceTree = "<group>"; };
		7FC8EC49205209A10053B09B /* AppDelegate.h */ = {isa = PBXFileReference; fileEncoding = 4; lastKnownFileType = sourcecode.c.h; path = AppDelegate.h; sourceTree = "<group>"; };
		7FC8EC4B205209AC0053B09B /* ZyBaseAppDelegate.h */ = {isa = PBXFileReference; fileEncoding = 4; lastKnownFileType = sourcecode.c.h; path = ZyBaseAppDelegate.h; sourceTree = "<group>"; };
		7FC8EC4C205209AC0053B09B /* ZyBaseAppDelegate.m */ = {isa = PBXFileReference; fileEncoding = 4; lastKnownFileType = sourcecode.c.objc; path = ZyBaseAppDelegate.m; sourceTree = "<group>"; };
		7FC8EC5020520C160053B09B /* ZyNoticeHeader.h */ = {isa = PBXFileReference; lastKnownFileType = sourcecode.c.h; path = ZyNoticeHeader.h; sourceTree = "<group>"; };
		7FC8EC5120520C9B0053B09B /* ZyThirdKeysHeader.h */ = {isa = PBXFileReference; lastKnownFileType = sourcecode.c.h; path = ZyThirdKeysHeader.h; sourceTree = "<group>"; };
		7FC8EC5220520CDC0053B09B /* ZyConfigHeader.h */ = {isa = PBXFileReference; lastKnownFileType = sourcecode.c.h; path = ZyConfigHeader.h; sourceTree = "<group>"; };
		7FC8EC5320520D230053B09B /* ZyColorHeader.h */ = {isa = PBXFileReference; lastKnownFileType = sourcecode.c.h; path = ZyColorHeader.h; sourceTree = "<group>"; };
		7FC8EC5420520E2D0053B09B /* ZyFontHeader.h */ = {isa = PBXFileReference; lastKnownFileType = sourcecode.c.h; path = ZyFontHeader.h; sourceTree = "<group>"; };
		7FC8EC5520520F710053B09B /* ZyMarginHeader.h */ = {isa = PBXFileReference; lastKnownFileType = sourcecode.c.h; path = ZyMarginHeader.h; sourceTree = "<group>"; };
		7FC8EC59205232550053B09B /* LGUIView.h */ = {isa = PBXFileReference; fileEncoding = 4; lastKnownFileType = sourcecode.c.h; path = LGUIView.h; sourceTree = "<group>"; };
		7FC8EC5A205232550053B09B /* LGUIView.m */ = {isa = PBXFileReference; fileEncoding = 4; lastKnownFileType = sourcecode.c.objc; path = LGUIView.m; sourceTree = "<group>"; };
		7FC8EC5C205232BE0053B09B /* ZyPrefixHeader.pch */ = {isa = PBXFileReference; lastKnownFileType = sourcecode.c.h; path = ZyPrefixHeader.pch; sourceTree = "<group>"; };
		7FC8EC5D205234BB0053B09B /* ZyBaseTableVIew.h */ = {isa = PBXFileReference; lastKnownFileType = sourcecode.c.h; path = ZyBaseTableVIew.h; sourceTree = "<group>"; };
		7FC8EC5E205234BB0053B09B /* ZyBaseTableVIew.m */ = {isa = PBXFileReference; lastKnownFileType = sourcecode.c.objc; path = ZyBaseTableVIew.m; sourceTree = "<group>"; };
		7FC8EC60205237F20053B09B /* ZyBaseTableViewCell.h */ = {isa = PBXFileReference; lastKnownFileType = sourcecode.c.h; path = ZyBaseTableViewCell.h; sourceTree = "<group>"; };
		7FC8EC61205237F20053B09B /* ZyBaseTableViewCell.m */ = {isa = PBXFileReference; lastKnownFileType = sourcecode.c.objc; path = ZyBaseTableViewCell.m; sourceTree = "<group>"; };
		7FC8EC63205239190053B09B /* ZyBaseWebView.h */ = {isa = PBXFileReference; fileEncoding = 4; lastKnownFileType = sourcecode.c.h; path = ZyBaseWebView.h; sourceTree = "<group>"; };
		7FC8EC642052391A0053B09B /* ZyBaseWebView.m */ = {isa = PBXFileReference; fileEncoding = 4; lastKnownFileType = sourcecode.c.objc; path = ZyBaseWebView.m; sourceTree = "<group>"; };
		7FC8EC6720523ADF0053B09B /* ZyBaseViewController.m */ = {isa = PBXFileReference; fileEncoding = 4; lastKnownFileType = sourcecode.c.objc; path = ZyBaseViewController.m; sourceTree = "<group>"; };
		7FC8EC6820523ADF0053B09B /* ZyBaseViewController.h */ = {isa = PBXFileReference; fileEncoding = 4; lastKnownFileType = sourcecode.c.h; path = ZyBaseViewController.h; sourceTree = "<group>"; };
		7FC8EC6B205257F00053B09B /* ZyNetwork.h */ = {isa = PBXFileReference; lastKnownFileType = sourcecode.c.h; path = ZyNetwork.h; sourceTree = "<group>"; };
		7FC8EC6C205257F00053B09B /* ZyNetwork.m */ = {isa = PBXFileReference; lastKnownFileType = sourcecode.c.objc; path = ZyNetwork.m; sourceTree = "<group>"; };
		7FC8EC6F205258EC0053B09B /* ZyBaseModel.h */ = {isa = PBXFileReference; lastKnownFileType = sourcecode.c.h; path = ZyBaseModel.h; sourceTree = "<group>"; };
		7FC8EC70205258EC0053B09B /* ZyBaseModel.m */ = {isa = PBXFileReference; lastKnownFileType = sourcecode.c.objc; path = ZyBaseModel.m; sourceTree = "<group>"; };
		7FC8EC72205259260053B09B /* ZyErrorModel.h */ = {isa = PBXFileReference; lastKnownFileType = sourcecode.c.h; path = ZyErrorModel.h; sourceTree = "<group>"; };
		7FC8EC73205259260053B09B /* ZyErrorModel.m */ = {isa = PBXFileReference; lastKnownFileType = sourcecode.c.objc; path = ZyErrorModel.m; sourceTree = "<group>"; };
		7FC8EC7520525A580053B09B /* ZyUtils.h */ = {isa = PBXFileReference; lastKnownFileType = sourcecode.c.h; path = ZyUtils.h; sourceTree = "<group>"; };
		7FC8EC7620525A580053B09B /* ZyUtils.m */ = {isa = PBXFileReference; lastKnownFileType = sourcecode.c.objc; path = ZyUtils.m; sourceTree = "<group>"; };
		7FC8EC78205261E00053B09B /* ZyApi.h */ = {isa = PBXFileReference; lastKnownFileType = sourcecode.c.h; path = ZyApi.h; sourceTree = "<group>"; };
		7FC8EC79205261E00053B09B /* ZyApi.m */ = {isa = PBXFileReference; lastKnownFileType = sourcecode.c.objc; path = ZyApi.m; sourceTree = "<group>"; };
		7FC8EC7B2052626C0053B09B /* ZyItemsModel.h */ = {isa = PBXFileReference; lastKnownFileType = sourcecode.c.h; path = ZyItemsModel.h; sourceTree = "<group>"; };
		7FC8EC7C2052626C0053B09B /* ZyItemsModel.m */ = {isa = PBXFileReference; lastKnownFileType = sourcecode.c.objc; path = ZyItemsModel.m; sourceTree = "<group>"; };
		7FC8EC7E2052661D0053B09B /* ZyConstant.h */ = {isa = PBXFileReference; lastKnownFileType = sourcecode.c.h; path = ZyConstant.h; sourceTree = "<group>"; };
		7FC8EC7F2052661D0053B09B /* ZyConstant.m */ = {isa = PBXFileReference; lastKnownFileType = sourcecode.c.objc; path = ZyConstant.m; sourceTree = "<group>"; };
		7FC8EC812052674A0053B09B /* ZyRouter.h */ = {isa = PBXFileReference; lastKnownFileType = sourcecode.c.h; path = ZyRouter.h; sourceTree = "<group>"; };
		7FC8EC822052674A0053B09B /* ZyRouter.m */ = {isa = PBXFileReference; lastKnownFileType = sourcecode.c.objc; path = ZyRouter.m; sourceTree = "<group>"; };
		7FC8EC9220526F350053B09B /* libUMessage_Sdk_1.5.0a.a */ = {isa = PBXFileReference; lastKnownFileType = archive.ar; path = libUMessage_Sdk_1.5.0a.a; sourceTree = "<group>"; };
		7FC8EC9320526F350053B09B /* UMessage.h */ = {isa = PBXFileReference; fileEncoding = 4; lastKnownFileType = sourcecode.c.h; path = UMessage.h; sourceTree = "<group>"; };
		7FC8ECAE205270C30053B09B /* ClassifyViewController.m */ = {isa = PBXFileReference; fileEncoding = 4; lastKnownFileType = sourcecode.c.objc; path = ClassifyViewController.m; sourceTree = "<group>"; };
		7FC8ECAF205270C40053B09B /* ClassifyViewController.h */ = {isa = PBXFileReference; fileEncoding = 4; lastKnownFileType = sourcecode.c.h; path = ClassifyViewController.h; sourceTree = "<group>"; };
		7FC8ECB1205270DA0053B09B /* HomePageViewController.h */ = {isa = PBXFileReference; fileEncoding = 4; lastKnownFileType = sourcecode.c.h; path = HomePageViewController.h; sourceTree = "<group>"; };
		7FC8ECB2205270DA0053B09B /* HomePageViewController.m */ = {isa = PBXFileReference; fileEncoding = 4; lastKnownFileType = sourcecode.c.objc; path = HomePageViewController.m; sourceTree = "<group>"; };
		7FC8ECB4205270E10053B09B /* MineViewController.h */ = {isa = PBXFileReference; fileEncoding = 4; lastKnownFileType = sourcecode.c.h; path = MineViewController.h; sourceTree = "<group>"; };
		7FC8ECB5205270E10053B09B /* MineViewController.m */ = {isa = PBXFileReference; fileEncoding = 4; lastKnownFileType = sourcecode.c.objc; path = MineViewController.m; sourceTree = "<group>"; };
		7FC8ECB7205271400053B09B /* SignInViewController.h */ = {isa = PBXFileReference; lastKnownFileType = sourcecode.c.h; path = SignInViewController.h; sourceTree = "<group>"; };
		7FC8ECB8205271400053B09B /* SignInViewController.m */ = {isa = PBXFileReference; lastKnownFileType = sourcecode.c.objc; path = SignInViewController.m; sourceTree = "<group>"; };
		7FC8ECBA2052796B0053B09B /* ZyBaseCollectionView.h */ = {isa = PBXFileReference; lastKnownFileType = sourcecode.c.h; path = ZyBaseCollectionView.h; sourceTree = "<group>"; };
		7FC8ECBB2052796B0053B09B /* ZyBaseCollectionView.m */ = {isa = PBXFileReference; lastKnownFileType = sourcecode.c.objc; path = ZyBaseCollectionView.m; sourceTree = "<group>"; };
		7FC8ECBD205279AB0053B09B /* HomePageView.h */ = {isa = PBXFileReference; lastKnownFileType = sourcecode.c.h; path = HomePageView.h; sourceTree = "<group>"; };
		7FC8ECBE205279AB0053B09B /* HomePageView.m */ = {isa = PBXFileReference; lastKnownFileType = sourcecode.c.objc; path = HomePageView.m; sourceTree = "<group>"; };
		7FC8ECC120527FAC0053B09B /* UIColor+ZyCategory.h */ = {isa = PBXFileReference; lastKnownFileType = sourcecode.c.h; path = "UIColor+ZyCategory.h"; sourceTree = "<group>"; };
		7FC8ECC220527FAC0053B09B /* UIColor+ZyCategory.m */ = {isa = PBXFileReference; lastKnownFileType = sourcecode.c.objc; path = "UIColor+ZyCategory.m"; sourceTree = "<group>"; };
		CB02A5C2208087B8005199A2 /* UIButton+ZyCategory.h */ = {isa = PBXFileReference; lastKnownFileType = sourcecode.c.h; path = "UIButton+ZyCategory.h"; sourceTree = "<group>"; };
		CB02A5C3208087B8005199A2 /* UIButton+ZyCategory.m */ = {isa = PBXFileReference; lastKnownFileType = sourcecode.c.objc; path = "UIButton+ZyCategory.m"; sourceTree = "<group>"; };
		CB8F7B2A20805CB900993DE7 /* ZyTabBarController.h */ = {isa = PBXFileReference; lastKnownFileType = sourcecode.c.h; path = ZyTabBarController.h; sourceTree = "<group>"; };
		CB8F7B2B20805CB900993DE7 /* ZyTabBarController.m */ = {isa = PBXFileReference; lastKnownFileType = sourcecode.c.objc; path = ZyTabBarController.m; sourceTree = "<group>"; };
		CF7139AEF74213356BC12902 /* Pods-zylOC.release.xcconfig */ = {isa = PBXFileReference; includeInIndex = 1; lastKnownFileType = text.xcconfig; name = "Pods-zylOC.release.xcconfig"; path = "Pods/Target Support Files/Pods-zylOC/Pods-zylOC.release.xcconfig"; sourceTree = "<group>"; };
		D1139E569388C516FB639078 /* libPods-zylOC.a */ = {isa = PBXFileReference; explicitFileType = archive.ar; includeInIndex = 0; path = "libPods-zylOC.a"; sourceTree = BUILT_PRODUCTS_DIR; };
		F380336F2085848000444552 /* UITextField+ZyCategory.h */ = {isa = PBXFileReference; lastKnownFileType = sourcecode.c.h; path = "UITextField+ZyCategory.h"; sourceTree = "<group>"; };
		F38033702085848000444552 /* UITextField+ZyCategory.m */ = {isa = PBXFileReference; lastKnownFileType = sourcecode.c.objc; path = "UITextField+ZyCategory.m"; sourceTree = "<group>"; };
		F38033722085863C00444552 /* UILabel+Zy_Category.h */ = {isa = PBXFileReference; lastKnownFileType = sourcecode.c.h; path = "UILabel+Zy_Category.h"; sourceTree = "<group>"; };
		F38033732085863C00444552 /* UILabel+Zy_Category.m */ = {isa = PBXFileReference; lastKnownFileType = sourcecode.c.objc; path = "UILabel+Zy_Category.m"; sourceTree = "<group>"; };
		F3803375208587E800444552 /* UIImageView+ZyCategory.h */ = {isa = PBXFileReference; lastKnownFileType = sourcecode.c.h; path = "UIImageView+ZyCategory.h"; sourceTree = "<group>"; };
		F3803376208587E800444552 /* UIImageView+ZyCategory.m */ = {isa = PBXFileReference; lastKnownFileType = sourcecode.c.objc; path = "UIImageView+ZyCategory.m"; sourceTree = "<group>"; };
		F38033782085C12B00444552 /* UIView+ZyCategory.h */ = {isa = PBXFileReference; lastKnownFileType = sourcecode.c.h; path = "UIView+ZyCategory.h"; sourceTree = "<group>"; };
		F38033792085C12B00444552 /* UIView+ZyCategory.m */ = {isa = PBXFileReference; lastKnownFileType = sourcecode.c.objc; path = "UIView+ZyCategory.m"; sourceTree = "<group>"; };
		F380337B2085C36100444552 /* ZyUI.h */ = {isa = PBXFileReference; lastKnownFileType = sourcecode.c.h; path = ZyUI.h; sourceTree = "<group>"; };
		F380337C2085C36100444552 /* ZyUI.m */ = {isa = PBXFileReference; lastKnownFileType = sourcecode.c.objc; path = ZyUI.m; sourceTree = "<group>"; };
		F380337E2085C99400444552 /* UIViewController+ZyCategory.h */ = {isa = PBXFileReference; lastKnownFileType = sourcecode.c.h; path = "UIViewController+ZyCategory.h"; sourceTree = "<group>"; };
		F380337F2085C99400444552 /* UIViewController+ZyCategory.m */ = {isa = PBXFileReference; lastKnownFileType = sourcecode.c.objc; path = "UIViewController+ZyCategory.m"; sourceTree = "<group>"; };
/* End PBXFileReference section */

/* Begin PBXFrameworksBuildPhase section */
		7FC8EC2B205206440053B09B /* Frameworks */ = {
			isa = PBXFrameworksBuildPhase;
			buildActionMask = 2147483647;
			files = (
				87ECEE1D7880552DE66B6F32 /* libPods-zylOC.a in Frameworks */,
				7FC8EC9420526F350053B09B /* libUMessage_Sdk_1.5.0a.a in Frameworks */,
			);
			runOnlyForDeploymentPostprocessing = 0;
		};
/* End PBXFrameworksBuildPhase section */

/* Begin PBXGroup section */
		7F29179A206B3E8A00F58899 /* ZyRunloop */ = {
			isa = PBXGroup;
			children = (
			);
			path = ZyRunloop;
			sourceTree = "<group>";
		};
		7F29179B206B3E8A00F58899 /* ZyRuntime */ = {
			isa = PBXGroup;
			children = (
				7F29179F206B677A00F58899 /* NSMutableArray+ZyRuntime.h */,
				7F2917A0206B677A00F58899 /* NSMutableArray+ZyRuntime.m */,
				7F2917A2206B67D100F58899 /* NSArray+ZyRuntime.h */,
				7F2917A3206B67D100F58899 /* NSArray+ZyRuntime.m */,
				7F2917A5206B701800F58899 /* NSURL+ZyRuntime.h */,
				7F2917A6206B701800F58899 /* NSURL+ZyRuntime.m */,
				7F2917AB206B8A4000F58899 /* NSMutableDictionary+ZyRuntime.h */,
				7F2917AC206B8A4000F58899 /* NSMutableDictionary+ZyRuntime.m */,
				7F2917A8206B76B500F58899 /* ZyRuntime.h */,
				7F2917A9206B76B500F58899 /* ZyRuntime.m */,
				7F2917B1206B947500F58899 /* ZyRuntimeViewController.h */,
				7F2917B2206B947500F58899 /* ZyRuntimeViewController.m */,
			);
			path = ZyRuntime;
			sourceTree = "<group>";
		};
		7FC8EC25205206440053B09B = {
			isa = PBXGroup;
			children = (
				7FC8EC30205206450053B09B /* zylOC */,
				7FC8EC2F205206440053B09B /* Products */,
				AC5AA39549C68F805526511F /* Pods */,
				FF6650A6CFD33C967BA0AB97 /* Frameworks */,
			);
			sourceTree = "<group>";
		};
		7FC8EC2F205206440053B09B /* Products */ = {
			isa = PBXGroup;
			children = (
				7FC8EC2E205206440053B09B /* zylOC.app */,
			);
			name = Products;
			sourceTree = "<group>";
		};
		7FC8EC30205206450053B09B /* zylOC */ = {
			isa = PBXGroup;
			children = (
				7FC8EC57205232170053B09B /* ZyBase */,
				7FC8EC4E20520BCB0053B09B /* ZyConfig */,
				7FC8EC47205209980053B09B /* AppDelegate */,
				7FC8EC3A205206450053B09B /* Assets.xcassets */,
				7FC8EC8620526CE90053B09B /* Classify */,
				7FC8EC8420526C900053B09B /* HomePage */,
				7FC8EC8520526C900053B09B /* Mine */,
				7FC8EC3C205206450053B09B /* LaunchScreen.storyboard */,
				7FC8EC9520526FF30053B09B /* Common */,
				7FC8EC3F205206450053B09B /* Info.plist */,
				7FC8EC40205206450053B09B /* main.m */,
			);
			path = zylOC;
			sourceTree = "<group>";
		};
		7FC8EC47205209980053B09B /* AppDelegate */ = {
			isa = PBXGroup;
			children = (
				7FC8EC4B205209AC0053B09B /* ZyBaseAppDelegate.h */,
				7FC8EC4C205209AC0053B09B /* ZyBaseAppDelegate.m */,
				7FC8EC49205209A10053B09B /* AppDelegate.h */,
				7FC8EC48205209A10053B09B /* AppDelegate.m */,
			);
			path = AppDelegate;
			sourceTree = "<group>";
		};
		7FC8EC4E20520BCB0053B09B /* ZyConfig */ = {
			isa = PBXGroup;
			children = (
				7FC8EC5020520C160053B09B /* ZyNoticeHeader.h */,
				7FC8EC5120520C9B0053B09B /* ZyThirdKeysHeader.h */,
				7FC8EC5220520CDC0053B09B /* ZyConfigHeader.h */,
				7FC8EC5320520D230053B09B /* ZyColorHeader.h */,
				7FC8EC5420520E2D0053B09B /* ZyFontHeader.h */,
				7FC8EC5520520F710053B09B /* ZyMarginHeader.h */,
				7FC8EC5C205232BE0053B09B /* ZyPrefixHeader.pch */,
			);
			path = ZyConfig;
			sourceTree = "<group>";
		};
		7FC8EC57205232170053B09B /* ZyBase */ = {
			isa = PBXGroup;
			children = (
				7F29179A206B3E8A00F58899 /* ZyRunloop */,
				7F29179B206B3E8A00F58899 /* ZyRuntime */,
				7FC8ECC020527E260053B09B /* ZyCategory */,
				7FC8EC9020526F2D0053B09B /* ZyThird */,
				7FC8EC6A205257D40053B09B /* ZySoft */,
				7FC8EC6E205258C60053B09B /* ZyModel */,
				7FC8EC6620523AC50053B09B /* ZyController */,
				7FC8EC58205232170053B09B /* ZyView */,
			);
			path = ZyBase;
			sourceTree = "<group>";
		};
		7FC8EC58205232170053B09B /* ZyView */ = {
			isa = PBXGroup;
			children = (
				7FC8EC59205232550053B09B /* LGUIView.h */,
				7FC8EC5A205232550053B09B /* LGUIView.m */,
				7F4063FB205BBDB100567FF9 /* ZyScratchcardsView.h */,
				7F4063FC205BBDB100567FF9 /* ZyScratchcardsView.m */,
				7F8CEA12206267D60095975A /* ZyScrollView.h */,
				7F8CEA13206267D60095975A /* ZyScrollView.m */,
				7FC8EC5D205234BB0053B09B /* ZyBaseTableVIew.h */,
				7FC8EC5E205234BB0053B09B /* ZyBaseTableVIew.m */,
				7FC8EC60205237F20053B09B /* ZyBaseTableViewCell.h */,
				7FC8EC61205237F20053B09B /* ZyBaseTableViewCell.m */,
				7FC8EC63205239190053B09B /* ZyBaseWebView.h */,
				7FC8EC642052391A0053B09B /* ZyBaseWebView.m */,
				7FC8ECBA2052796B0053B09B /* ZyBaseCollectionView.h */,
				7FC8ECBB2052796B0053B09B /* ZyBaseCollectionView.m */,
				7F5C5B0D205629EC00774ED9 /* ZyBaseCollectionViewCell.h */,
				7F5C5B0E205629EC00774ED9 /* ZyBaseCollectionViewCell.m */,
				7F5C5B1020562A5800774ED9 /* ZyBaseCollectionReusableView.h */,
				7F5C5B1120562A5800774ED9 /* ZyBaseCollectionReusableView.m */,
			);
			path = ZyView;
			sourceTree = "<group>";
		};
		7FC8EC6620523AC50053B09B /* ZyController */ = {
			isa = PBXGroup;
			children = (
				7FC8EC6820523ADF0053B09B /* ZyBaseViewController.h */,
				7FC8EC6720523ADF0053B09B /* ZyBaseViewController.m */,
				CB8F7B2A20805CB900993DE7 /* ZyTabBarController.h */,
				CB8F7B2B20805CB900993DE7 /* ZyTabBarController.m */,
				7F4063F8205BB74700567FF9 /* AllFunctionViewController.h */,
				7F4063F9205BB74700567FF9 /* AllFunctionViewController.m */,
			);
			path = ZyController;
			sourceTree = "<group>";
		};
		7FC8EC6A205257D40053B09B /* ZySoft */ = {
			isa = PBXGroup;
			children = (
				7FC8EC6B205257F00053B09B /* ZyNetwork.h */,
				7FC8EC6C205257F00053B09B /* ZyNetwork.m */,
				7FC8EC7520525A580053B09B /* ZyUtils.h */,
				7FC8EC7620525A580053B09B /* ZyUtils.m */,
				7FC8EC78205261E00053B09B /* ZyApi.h */,
				7FC8EC79205261E00053B09B /* ZyApi.m */,
				7FC8EC7E2052661D0053B09B /* ZyConstant.h */,
				7FC8EC7F2052661D0053B09B /* ZyConstant.m */,
				7FC8EC812052674A0053B09B /* ZyRouter.h */,
				7FC8EC822052674A0053B09B /* ZyRouter.m */,
				F380337B2085C36100444552 /* ZyUI.h */,
				F380337C2085C36100444552 /* ZyUI.m */,
			);
			path = ZySoft;
			sourceTree = "<group>";
		};
		7FC8EC6E205258C60053B09B /* ZyModel */ = {
			isa = PBXGroup;
			children = (
				7FC8EC6F205258EC0053B09B /* ZyBaseModel.h */,
				7FC8EC70205258EC0053B09B /* ZyBaseModel.m */,
				7FC8EC72205259260053B09B /* ZyErrorModel.h */,
				7FC8EC73205259260053B09B /* ZyErrorModel.m */,
				7FC8EC7B2052626C0053B09B /* ZyItemsModel.h */,
				7FC8EC7C2052626C0053B09B /* ZyItemsModel.m */,
			);
			path = ZyModel;
			sourceTree = "<group>";
		};
		7FC8EC8420526C900053B09B /* HomePage */ = {
			isa = PBXGroup;
			children = (
				7FC8ECA52052708A0053B09B /* Controller */,
				7FC8ECA62052708A0053B09B /* Model */,
				7FC8ECA72052708B0053B09B /* View */,
			);
			path = HomePage;
			sourceTree = "<group>";
		};
		7FC8EC8520526C900053B09B /* Mine */ = {
			isa = PBXGroup;
			children = (
				7FC8ECA8205270940053B09B /* Controller */,
				7FC8ECA9205270950053B09B /* Model */,
				7FC8ECAA205270950053B09B /* View */,
			);
			path = Mine;
			sourceTree = "<group>";
		};
		7FC8EC8620526CE90053B09B /* Classify */ = {
			isa = PBXGroup;
			children = (
				7FC8ECA2205270800053B09B /* Controller */,
				7FC8ECA3205270800053B09B /* Model */,
				7FC8ECA4205270800053B09B /* View */,
			);
			path = Classify;
			sourceTree = "<group>";
		};
		7FC8EC9020526F2D0053B09B /* ZyThird */ = {
			isa = PBXGroup;
			children = (
				7FC8EC9120526F350053B09B /* UMessage_Sdk_1.5.0a */,
			);
			path = ZyThird;
			sourceTree = "<group>";
		};
		7FC8EC9120526F350053B09B /* UMessage_Sdk_1.5.0a */ = {
			isa = PBXGroup;
			children = (
				7FC8EC9220526F350053B09B /* libUMessage_Sdk_1.5.0a.a */,
				7FC8EC9320526F350053B09B /* UMessage.h */,
			);
			path = UMessage_Sdk_1.5.0a;
			sourceTree = "<group>";
		};
		7FC8EC9520526FF30053B09B /* Common */ = {
			isa = PBXGroup;
			children = (
				7FC8ECAB2052709D0053B09B /* Controller */,
				7FC8ECAC2052709D0053B09B /* Model */,
				7FC8ECAD2052709D0053B09B /* View */,
			);
			path = Common;
			sourceTree = "<group>";
		};
		7FC8ECA2205270800053B09B /* Controller */ = {
			isa = PBXGroup;
			children = (
				7FC8ECAF205270C40053B09B /* ClassifyViewController.h */,
				7FC8ECAE205270C30053B09B /* ClassifyViewController.m */,
			);
			path = Controller;
			sourceTree = "<group>";
		};
		7FC8ECA3205270800053B09B /* Model */ = {
			isa = PBXGroup;
			children = (
			);
			path = Model;
			sourceTree = "<group>";
		};
		7FC8ECA4205270800053B09B /* View */ = {
			isa = PBXGroup;
			children = (
			);
			path = View;
			sourceTree = "<group>";
		};
		7FC8ECA52052708A0053B09B /* Controller */ = {
			isa = PBXGroup;
			children = (
				7FC8ECB1205270DA0053B09B /* HomePageViewController.h */,
				7FC8ECB2205270DA0053B09B /* HomePageViewController.m */,
			);
			path = Controller;
			sourceTree = "<group>";
		};
		7FC8ECA62052708A0053B09B /* Model */ = {
			isa = PBXGroup;
			children = (
			);
			path = Model;
			sourceTree = "<group>";
		};
		7FC8ECA72052708B0053B09B /* View */ = {
			isa = PBXGroup;
			children = (
				7FC8ECBD205279AB0053B09B /* HomePageView.h */,
				7FC8ECBE205279AB0053B09B /* HomePageView.m */,
				7F1A9DD02064E037003538B0 /* HomePageHeaderView.h */,
				7F1A9DD12064E037003538B0 /* HomePageHeaderView.m */,
			);
			path = View;
			sourceTree = "<group>";
		};
		7FC8ECA8205270940053B09B /* Controller */ = {
			isa = PBXGroup;
			children = (
				7FC8ECB4205270E10053B09B /* MineViewController.h */,
				7FC8ECB5205270E10053B09B /* MineViewController.m */,
			);
			path = Controller;
			sourceTree = "<group>";
		};
		7FC8ECA9205270950053B09B /* Model */ = {
			isa = PBXGroup;
			children = (
			);
			path = Model;
			sourceTree = "<group>";
		};
		7FC8ECAA205270950053B09B /* View */ = {
			isa = PBXGroup;
			children = (
			);
			path = View;
			sourceTree = "<group>";
		};
		7FC8ECAB2052709D0053B09B /* Controller */ = {
			isa = PBXGroup;
			children = (
				7FC8ECB7205271400053B09B /* SignInViewController.h */,
				7FC8ECB8205271400053B09B /* SignInViewController.m */,
				7F9BBCC2205901380044C0B8 /* DefaultViewController.h */,
				7F9BBCC3205901380044C0B8 /* DefaultViewController.m */,
			);
			path = Controller;
			sourceTree = "<group>";
		};
		7FC8ECAC2052709D0053B09B /* Model */ = {
			isa = PBXGroup;
			children = (
			);
			path = Model;
			sourceTree = "<group>";
		};
		7FC8ECAD2052709D0053B09B /* View */ = {
			isa = PBXGroup;
			children = (
			);
			path = View;
			sourceTree = "<group>";
		};
		7FC8ECC020527E260053B09B /* ZyCategory */ = {
			isa = PBXGroup;
			children = (
				7FC8ECC120527FAC0053B09B /* UIColor+ZyCategory.h */,
				7FC8ECC220527FAC0053B09B /* UIColor+ZyCategory.m */,
				7F5C5B072056056800774ED9 /* NSMutableArray+ZyCategory.h */,
				7F5C5B082056056800774ED9 /* NSMutableArray+ZyCategory.m */,
				7F5C5B0A205609C600774ED9 /* NSString+ZyCategory.h */,
				7F5C5B0B205609C600774ED9 /* NSString+ZyCategory.m */,
				7F9BBCBF2058FE620044C0B8 /* NSUserDefaults+ZyCategory.h */,
				7F9BBCC02058FE620044C0B8 /* NSUserDefaults+ZyCategory.m */,
				7F9BBCC5205921AB0044C0B8 /* NSDate+ZyCategory.h */,
				7F9BBCC6205921AB0044C0B8 /* NSDate+ZyCategory.m */,
				7F326413205A187D00E7EA15 /* UIImage+ZyCategory.h */,
				7F326414205A187D00E7EA15 /* UIImage+ZyCategory.m */,
				CB02A5C2208087B8005199A2 /* UIButton+ZyCategory.h */,
				CB02A5C3208087B8005199A2 /* UIButton+ZyCategory.m */,
				F380336F2085848000444552 /* UITextField+ZyCategory.h */,
				F38033702085848000444552 /* UITextField+ZyCategory.m */,
				F38033722085863C00444552 /* UILabel+Zy_Category.h */,
				F38033732085863C00444552 /* UILabel+Zy_Category.m */,
				F3803375208587E800444552 /* UIImageView+ZyCategory.h */,
				F3803376208587E800444552 /* UIImageView+ZyCategory.m */,
				F38033782085C12B00444552 /* UIView+ZyCategory.h */,
				F38033792085C12B00444552 /* UIView+ZyCategory.m */,
				F380337E2085C99400444552 /* UIViewController+ZyCategory.h */,
				F380337F2085C99400444552 /* UIViewController+ZyCategory.m */,
			);
			path = ZyCategory;
			sourceTree = "<group>";
		};
		AC5AA39549C68F805526511F /* Pods */ = {
			isa = PBXGroup;
			children = (
				210CB9D80EDAAF4915ECC474 /* Pods-zylOC.debug.xcconfig */,
				CF7139AEF74213356BC12902 /* Pods-zylOC.release.xcconfig */,
			);
			name = Pods;
			sourceTree = "<group>";
		};
		FF6650A6CFD33C967BA0AB97 /* Frameworks */ = {
			isa = PBXGroup;
			children = (
				D1139E569388C516FB639078 /* libPods-zylOC.a */,
			);
			name = Frameworks;
			sourceTree = "<group>";
		};
/* End PBXGroup section */

/* Begin PBXNativeTarget section */
		7FC8EC2D205206440053B09B /* zylOC */ = {
			isa = PBXNativeTarget;
			buildConfigurationList = 7FC8EC44205206450053B09B /* Build configuration list for PBXNativeTarget "zylOC" */;
			buildPhases = (
				D03C117F67D6220B8DEB5612 /* [CP] Check Pods Manifest.lock */,
				7FC8EC2A205206440053B09B /* Sources */,
				7FC8EC2B205206440053B09B /* Frameworks */,
				7FC8EC2C205206440053B09B /* Resources */,
				8D92D996217CF46A940BFEFA /* [CP] Embed Pods Frameworks */,
				6985F760F32F9DF8D95775A9 /* [CP] Copy Pods Resources */,
			);
			buildRules = (
			);
			dependencies = (
			);
			name = zylOC;
			productName = zylOC;
			productReference = 7FC8EC2E205206440053B09B /* zylOC.app */;
			productType = "com.apple.product-type.application";
		};
/* End PBXNativeTarget section */

/* Begin PBXProject section */
		7FC8EC26205206440053B09B /* Project object */ = {
			isa = PBXProject;
			attributes = {
				LastUpgradeCheck = 0920;
				ORGANIZATIONNAME = zly;
				TargetAttributes = {
					7FC8EC2D205206440053B09B = {
						CreatedOnToolsVersion = 9.2;
						ProvisioningStyle = Automatic;
					};
				};
			};
			buildConfigurationList = 7FC8EC29205206440053B09B /* Build configuration list for PBXProject "zylOC" */;
			compatibilityVersion = "Xcode 8.0";
			developmentRegion = en;
			hasScannedForEncodings = 0;
			knownRegions = (
				en,
				Base,
			);
			mainGroup = 7FC8EC25205206440053B09B;
			productRefGroup = 7FC8EC2F205206440053B09B /* Products */;
			projectDirPath = "";
			projectRoot = "";
			targets = (
				7FC8EC2D205206440053B09B /* zylOC */,
			);
		};
/* End PBXProject section */

/* Begin PBXResourcesBuildPhase section */
		7FC8EC2C205206440053B09B /* Resources */ = {
			isa = PBXResourcesBuildPhase;
			buildActionMask = 2147483647;
			files = (
				7FC8EC3E205206450053B09B /* LaunchScreen.storyboard in Resources */,
				7FC8EC3B205206450053B09B /* Assets.xcassets in Resources */,
			);
			runOnlyForDeploymentPostprocessing = 0;
		};
/* End PBXResourcesBuildPhase section */

/* Begin PBXShellScriptBuildPhase section */
		6985F760F32F9DF8D95775A9 /* [CP] Copy Pods Resources */ = {
			isa = PBXShellScriptBuildPhase;
			buildActionMask = 2147483647;
			files = (
			);
			inputPaths = (
				"${SRCROOT}/Pods/Target Support Files/Pods-zylOC/Pods-zylOC-resources.sh",
				"${PODS_ROOT}/AMap3DMap/MAMapKit.framework/AMap.bundle",
				"${PODS_ROOT}/AMapNavi/AMapNaviKit.framework/AMapNavi.bundle",
				"${PODS_ROOT}/MJRefresh/MJRefresh/MJRefresh.bundle",
			);
			name = "[CP] Copy Pods Resources";
			outputPaths = (
				"${TARGET_BUILD_DIR}/${UNLOCALIZED_RESOURCES_FOLDER_PATH}",
			);
			runOnlyForDeploymentPostprocessing = 0;
			shellPath = /bin/sh;
			shellScript = "\"${SRCROOT}/Pods/Target Support Files/Pods-zylOC/Pods-zylOC-resources.sh\"\n";
			showEnvVarsInLog = 0;
		};
		8D92D996217CF46A940BFEFA /* [CP] Embed Pods Frameworks */ = {
			isa = PBXShellScriptBuildPhase;
			buildActionMask = 2147483647;
			files = (
			);
			inputPaths = (
			);
			name = "[CP] Embed Pods Frameworks";
			outputPaths = (
			);
			runOnlyForDeploymentPostprocessing = 0;
			shellPath = /bin/sh;
			shellScript = "\"${SRCROOT}/Pods/Target Support Files/Pods-zylOC/Pods-zylOC-frameworks.sh\"\n";
			showEnvVarsInLog = 0;
		};
		D03C117F67D6220B8DEB5612 /* [CP] Check Pods Manifest.lock */ = {
			isa = PBXShellScriptBuildPhase;
			buildActionMask = 2147483647;
			files = (
			);
			inputPaths = (
				"${PODS_PODFILE_DIR_PATH}/Podfile.lock",
				"${PODS_ROOT}/Manifest.lock",
			);
			name = "[CP] Check Pods Manifest.lock";
			outputPaths = (
				"$(DERIVED_FILE_DIR)/Pods-zylOC-checkManifestLockResult.txt",
			);
			runOnlyForDeploymentPostprocessing = 0;
			shellPath = /bin/sh;
			shellScript = "diff \"${PODS_PODFILE_DIR_PATH}/Podfile.lock\" \"${PODS_ROOT}/Manifest.lock\" > /dev/null\nif [ $? != 0 ] ; then\n    # print error to STDERR\n    echo \"error: The sandbox is not in sync with the Podfile.lock. Run 'pod install' or update your CocoaPods installation.\" >&2\n    exit 1\nfi\n# This output is used by Xcode 'outputs' to avoid re-running this script phase.\necho \"SUCCESS\" > \"${SCRIPT_OUTPUT_FILE_0}\"\n";
			showEnvVarsInLog = 0;
		};
/* End PBXShellScriptBuildPhase section */

/* Begin PBXSourcesBuildPhase section */
		7FC8EC2A205206440053B09B /* Sources */ = {
			isa = PBXSourcesBuildPhase;
			buildActionMask = 2147483647;
			files = (
				7FC8ECB9205271400053B09B /* SignInViewController.m in Sources */,
				CB02A5C4208087B8005199A2 /* UIButton+ZyCategory.m in Sources */,
				F380337D2085C36100444552 /* ZyUI.m in Sources */,
				7FC8EC4A205209A10053B09B /* AppDelegate.m in Sources */,
				7F9BBCC4205901380044C0B8 /* DefaultViewController.m in Sources */,
				7FC8ECC320527FAC0053B09B /* UIColor+ZyCategory.m in Sources */,
				7FC8EC62205237F20053B09B /* ZyBaseTableViewCell.m in Sources */,
				7F1A9DD22064E037003538B0 /* HomePageHeaderView.m in Sources */,
				7F4063FD205BBDB100567FF9 /* ZyScratchcardsView.m in Sources */,
				F38033802085C99400444552 /* UIViewController+ZyCategory.m in Sources */,
				7FC8ECB3205270DB0053B09B /* HomePageViewController.m in Sources */,
				7FC8ECBF205279AB0053B09B /* HomePageView.m in Sources */,
				7F5C5B1220562A5800774ED9 /* ZyBaseCollectionReusableView.m in Sources */,
				7FC8EC652052391A0053B09B /* ZyBaseWebView.m in Sources */,
				7FC8EC71205258EC0053B09B /* ZyBaseModel.m in Sources */,
				7FC8EC7720525A580053B09B /* ZyUtils.m in Sources */,
				7F2917B3206B947500F58899 /* ZyRuntimeViewController.m in Sources */,
				7F2917AD206B8A4000F58899 /* NSMutableDictionary+ZyRuntime.m in Sources */,
				7F2917A4206B67D100F58899 /* NSArray+ZyRuntime.m in Sources */,
				7FC8ECB6205270E10053B09B /* MineViewController.m in Sources */,
				7FC8EC6920523ADF0053B09B /* ZyBaseViewController.m in Sources */,
				7F326415205A187D00E7EA15 /* UIImage+ZyCategory.m in Sources */,
				7FC8EC5F205234BB0053B09B /* ZyBaseTableVIew.m in Sources */,
				7F8CEA14206267D60095975A /* ZyScrollView.m in Sources */,
				7FC8EC6D205257F00053B09B /* ZyNetwork.m in Sources */,
				7FC8EC74205259260053B09B /* ZyErrorModel.m in Sources */,
				7FC8EC832052674A0053B09B /* ZyRouter.m in Sources */,
				7F2917A1206B677A00F58899 /* NSMutableArray+ZyRuntime.m in Sources */,
				F38033742085863C00444552 /* UILabel+Zy_Category.m in Sources */,
				7FC8ECBC2052796B0053B09B /* ZyBaseCollectionView.m in Sources */,
				7FC8ECB0205270C40053B09B /* ClassifyViewController.m in Sources */,
				7F4063FA205BB74700567FF9 /* AllFunctionViewController.m in Sources */,
				7F9BBCC12058FE620044C0B8 /* NSUserDefaults+ZyCategory.m in Sources */,
				7FC8EC5B205232550053B09B /* LGUIView.m in Sources */,
				7FC8EC7A205261E00053B09B /* ZyApi.m in Sources */,
				F3803377208587E800444552 /* UIImageView+ZyCategory.m in Sources */,
				7F5C5B0C205609C600774ED9 /* NSString+ZyCategory.m in Sources */,
				7F2917A7206B701800F58899 /* NSURL+ZyRuntime.m in Sources */,
				7F5C5B0F205629EC00774ED9 /* ZyBaseCollectionViewCell.m in Sources */,
				7FC8EC7D2052626C0053B09B /* ZyItemsModel.m in Sources */,
				7F5C5B092056056800774ED9 /* NSMutableArray+ZyCategory.m in Sources */,
				F380337A2085C12B00444552 /* UIView+ZyCategory.m in Sources */,
				7FC8EC4D205209AD0053B09B /* ZyBaseAppDelegate.m in Sources */,
				F38033712085848000444552 /* UITextField+ZyCategory.m in Sources */,
				7F9BBCC7205921AB0044C0B8 /* NSDate+ZyCategory.m in Sources */,
				CB8F7B2C20805CB900993DE7 /* ZyTabBarController.m in Sources */,
				7FC8EC802052661D0053B09B /* ZyConstant.m in Sources */,
				7F2917AA206B76B500F58899 /* ZyRuntime.m in Sources */,
				7FC8EC41205206450053B09B /* main.m in Sources */,
			);
			runOnlyForDeploymentPostprocessing = 0;
		};
/* End PBXSourcesBuildPhase section */

/* Begin PBXVariantGroup section */
		7FC8EC3C205206450053B09B /* LaunchScreen.storyboard */ = {
			isa = PBXVariantGroup;
			children = (
				7FC8EC3D205206450053B09B /* Base */,
			);
			name = LaunchScreen.storyboard;
			sourceTree = "<group>";
		};
/* End PBXVariantGroup section */

/* Begin XCBuildConfiguration section */
		7FC8EC42205206450053B09B /* Debug */ = {
			isa = XCBuildConfiguration;
			buildSettings = {
				ALWAYS_SEARCH_USER_PATHS = NO;
				CLANG_ANALYZER_NONNULL = YES;
				CLANG_ANALYZER_NUMBER_OBJECT_CONVERSION = YES_AGGRESSIVE;
				CLANG_CXX_LANGUAGE_STANDARD = "gnu++14";
				CLANG_CXX_LIBRARY = "libc++";
				CLANG_ENABLE_MODULES = YES;
				CLANG_ENABLE_OBJC_ARC = YES;
				CLANG_WARN_BLOCK_CAPTURE_AUTORELEASING = YES;
				CLANG_WARN_BOOL_CONVERSION = YES;
				CLANG_WARN_COMMA = YES;
				CLANG_WARN_CONSTANT_CONVERSION = YES;
				CLANG_WARN_DIRECT_OBJC_ISA_USAGE = YES_ERROR;
				CLANG_WARN_DOCUMENTATION_COMMENTS = YES;
				CLANG_WARN_EMPTY_BODY = YES;
				CLANG_WARN_ENUM_CONVERSION = YES;
				CLANG_WARN_INFINITE_RECURSION = YES;
				CLANG_WARN_INT_CONVERSION = YES;
				CLANG_WARN_NON_LITERAL_NULL_CONVERSION = YES;
				CLANG_WARN_OBJC_LITERAL_CONVERSION = YES;
				CLANG_WARN_OBJC_ROOT_CLASS = YES_ERROR;
				CLANG_WARN_RANGE_LOOP_ANALYSIS = YES;
				CLANG_WARN_STRICT_PROTOTYPES = YES;
				CLANG_WARN_SUSPICIOUS_MOVE = YES;
				CLANG_WARN_UNGUARDED_AVAILABILITY = YES_AGGRESSIVE;
				CLANG_WARN_UNREACHABLE_CODE = YES;
				CLANG_WARN__DUPLICATE_METHOD_MATCH = YES;
				CODE_SIGN_IDENTITY = "iPhone Developer";
				COPY_PHASE_STRIP = NO;
				DEBUG_INFORMATION_FORMAT = dwarf;
				ENABLE_STRICT_OBJC_MSGSEND = YES;
				ENABLE_TESTABILITY = YES;
				GCC_C_LANGUAGE_STANDARD = gnu11;
				GCC_DYNAMIC_NO_PIC = NO;
				GCC_NO_COMMON_BLOCKS = YES;
				GCC_OPTIMIZATION_LEVEL = 0;
				GCC_PREPROCESSOR_DEFINITIONS = (
					"DEBUG=1",
					"$(inherited)",
				);
				GCC_WARN_64_TO_32_BIT_CONVERSION = YES;
				GCC_WARN_ABOUT_RETURN_TYPE = YES_ERROR;
				GCC_WARN_UNDECLARED_SELECTOR = YES;
				GCC_WARN_UNINITIALIZED_AUTOS = YES_AGGRESSIVE;
				GCC_WARN_UNUSED_FUNCTION = YES;
				GCC_WARN_UNUSED_VARIABLE = YES;
				IPHONEOS_DEPLOYMENT_TARGET = 11.2;
				MTL_ENABLE_DEBUG_INFO = YES;
				ONLY_ACTIVE_ARCH = YES;
				SDKROOT = iphoneos;
			};
			name = Debug;
		};
		7FC8EC43205206450053B09B /* Release */ = {
			isa = XCBuildConfiguration;
			buildSettings = {
				ALWAYS_SEARCH_USER_PATHS = NO;
				CLANG_ANALYZER_NONNULL = YES;
				CLANG_ANALYZER_NUMBER_OBJECT_CONVERSION = YES_AGGRESSIVE;
				CLANG_CXX_LANGUAGE_STANDARD = "gnu++14";
				CLANG_CXX_LIBRARY = "libc++";
				CLANG_ENABLE_MODULES = YES;
				CLANG_ENABLE_OBJC_ARC = YES;
				CLANG_WARN_BLOCK_CAPTURE_AUTORELEASING = YES;
				CLANG_WARN_BOOL_CONVERSION = YES;
				CLANG_WARN_COMMA = YES;
				CLANG_WARN_CONSTANT_CONVERSION = YES;
				CLANG_WARN_DIRECT_OBJC_ISA_USAGE = YES_ERROR;
				CLANG_WARN_DOCUMENTATION_COMMENTS = YES;
				CLANG_WARN_EMPTY_BODY = YES;
				CLANG_WARN_ENUM_CONVERSION = YES;
				CLANG_WARN_INFINITE_RECURSION = YES;
				CLANG_WARN_INT_CONVERSION = YES;
				CLANG_WARN_NON_LITERAL_NULL_CONVERSION = YES;
				CLANG_WARN_OBJC_LITERAL_CONVERSION = YES;
				CLANG_WARN_OBJC_ROOT_CLASS = YES_ERROR;
				CLANG_WARN_RANGE_LOOP_ANALYSIS = YES;
				CLANG_WARN_STRICT_PROTOTYPES = YES;
				CLANG_WARN_SUSPICIOUS_MOVE = YES;
				CLANG_WARN_UNGUARDED_AVAILABILITY = YES_AGGRESSIVE;
				CLANG_WARN_UNREACHABLE_CODE = YES;
				CLANG_WARN__DUPLICATE_METHOD_MATCH = YES;
				CODE_SIGN_IDENTITY = "iPhone Developer";
				COPY_PHASE_STRIP = NO;
				DEBUG_INFORMATION_FORMAT = "dwarf-with-dsym";
				ENABLE_NS_ASSERTIONS = NO;
				ENABLE_STRICT_OBJC_MSGSEND = YES;
				GCC_C_LANGUAGE_STANDARD = gnu11;
				GCC_NO_COMMON_BLOCKS = YES;
				GCC_WARN_64_TO_32_BIT_CONVERSION = YES;
				GCC_WARN_ABOUT_RETURN_TYPE = YES_ERROR;
				GCC_WARN_UNDECLARED_SELECTOR = YES;
				GCC_WARN_UNINITIALIZED_AUTOS = YES_AGGRESSIVE;
				GCC_WARN_UNUSED_FUNCTION = YES;
				GCC_WARN_UNUSED_VARIABLE = YES;
				IPHONEOS_DEPLOYMENT_TARGET = 11.2;
				MTL_ENABLE_DEBUG_INFO = NO;
				SDKROOT = iphoneos;
				VALIDATE_PRODUCT = YES;
			};
			name = Release;
		};
		7FC8EC45205206450053B09B /* Debug */ = {
			isa = XCBuildConfiguration;
			baseConfigurationReference = 210CB9D80EDAAF4915ECC474 /* Pods-zylOC.debug.xcconfig */;
			buildSettings = {
				ASSETCATALOG_COMPILER_APPICON_NAME = AppIcon;
				CODE_SIGN_STYLE = Automatic;
				DEVELOPMENT_TEAM = V5SF4D8WMD;
				GCC_PREFIX_HEADER = "${SRCROOT}/zylOC/ZyConfig/ZyPrefixHeader.pch";
				INFOPLIST_FILE = zylOC/Info.plist;
				IPHONEOS_DEPLOYMENT_TARGET = 8.1;
				LD_RUNPATH_SEARCH_PATHS = "$(inherited) @executable_path/Frameworks";
				LIBRARY_SEARCH_PATHS = (
					"$(inherited)",
					"$(PROJECT_DIR)/zylOC/ZyBase/ZyThird/UMessage_Sdk_1.5.0a",
				);
				PRODUCT_BUNDLE_IDENTIFIER = zly.zylOC;
				PRODUCT_NAME = "$(TARGET_NAME)";
				TARGETED_DEVICE_FAMILY = 1;
			};
			name = Debug;
		};
		7FC8EC46205206450053B09B /* Release */ = {
			isa = XCBuildConfiguration;
			baseConfigurationReference = CF7139AEF74213356BC12902 /* Pods-zylOC.release.xcconfig */;
			buildSettings = {
				ASSETCATALOG_COMPILER_APPICON_NAME = AppIcon;
				CODE_SIGN_STYLE = Automatic;
				DEVELOPMENT_TEAM = V5SF4D8WMD;
				GCC_PREFIX_HEADER = "${SRCROOT}/zylOC/ZyConfig/ZyPrefixHeader.pch";
				INFOPLIST_FILE = zylOC/Info.plist;
				IPHONEOS_DEPLOYMENT_TARGET = 8.1;
				LD_RUNPATH_SEARCH_PATHS = "$(inherited) @executable_path/Frameworks";
				LIBRARY_SEARCH_PATHS = (
					"$(inherited)",
					"$(PROJECT_DIR)/zylOC/ZyBase/ZyThird/UMessage_Sdk_1.5.0a",
				);
				PRODUCT_BUNDLE_IDENTIFIER = zly.zylOC;
				PRODUCT_NAME = "$(TARGET_NAME)";
				TARGETED_DEVICE_FAMILY = 1;
			};
			name = Release;
		};
/* End XCBuildConfiguration section */

/* Begin XCConfigurationList section */
		7FC8EC29205206440053B09B /* Build configuration list for PBXProject "zylOC" */ = {
			isa = XCConfigurationList;
			buildConfigurations = (
				7FC8EC42205206450053B09B /* Debug */,
				7FC8EC43205206450053B09B /* Release */,
			);
			defaultConfigurationIsVisible = 0;
			defaultConfigurationName = Release;
		};
		7FC8EC44205206450053B09B /* Build configuration list for PBXNativeTarget "zylOC" */ = {
			isa = XCConfigurationList;
			buildConfigurations = (
				7FC8EC45205206450053B09B /* Debug */,
				7FC8EC46205206450053B09B /* Release */,
			);
			defaultConfigurationIsVisible = 0;
			defaultConfigurationName = Release;
		};
/* End XCConfigurationList section */
	};
	rootObject = 7FC8EC26205206440053B09B /* Project object */;
}
